
Microsoft Visual Studio Solution File, Format Version 12.00
# Visual Studio 2012
Project("{FAE04EC0-301F-11D3-BF4B-00C04F79EFBC}") = "Task1", "Task1\Task1.csproj", "{9EB4F2CA-420B-472A-AB01-6CBE5ADA668F}"
EndProject
Project("{FAE04EC0-301F-11D3-BF4B-00C04F79EFBC}") = "Task2", "..\Task2\Task2.csproj", "{CE107B8D-E46E-4790-B3FC-2E0B0A75A296}"
EndProject
Project("{FAE04EC0-301F-11D3-BF4B-00C04F79EFBC}") = "Task3", "..\Task3\Task3.csproj", "{AEDD75E4-338E-4F4D-A504-CEBFC23945FC}"
EndProject
Project("{FAE04EC0-301F-11D3-BF4B-00C04F79EFBC}") = "Task4", "..\Task4\Task4.csproj", "{1DEF797C-3093-49DA-98D5-0D10F3270409}"
EndProject
Global
	GlobalSection(SolutionConfigurationPlatforms) = preSolution
		Debug|Any CPU = Debug|Any CPU
		Release|Any CPU = Release|Any CPU
	EndGlobalSection
	GlobalSection(ProjectConfigurationPlatforms) = postSolution
		{9EB4F2CA-420B-472A-AB01-6CBE5ADA668F}.Debug|Any CPU.ActiveCfg = Debug|Any CPU
		{9EB4F2CA-420B-472A-AB01-6CBE5ADA668F}.Debug|Any CPU.Build.0 = Debug|Any CPU
		{9EB4F2CA-420B-472A-AB01-6CBE5ADA668F}.Release|Any CPU.ActiveCfg = Release|Any CPU
		{9EB4F2CA-420B-472A-AB01-6CBE5ADA668F}.Release|Any CPU.Build.0 = Release|Any CPU
		{CE107B8D-E46E-4790-B3FC-2E0B0A75A296}.Debug|Any CPU.ActiveCfg = Debug|Any CPU
		{CE107B8D-E46E-4790-B3FC-2E0B0A75A296}.Debug|Any CPU.Build.0 = Debug|Any CPU
		{CE107B8D-E46E-4790-B3FC-2E0B0A75A296}.Release|Any CPU.ActiveCfg = Release|Any CPU
		{CE107B8D-E46E-4790-B3FC-2E0B0A75A296}.Release|Any CPU.Build.0 = Release|Any CPU
		{AEDD75E4-338E-4F4D-A504-CEBFC23945FC}.Debug|Any CPU.ActiveCfg = Debug|Any CPU
		{AEDD75E4-338E-4F4D-A504-CEBFC23945FC}.Debug|Any CPU.Build.0 = Debug|Any CPU
		{AEDD75E4-338E-4F4D-A504-CEBFC23945FC}.Release|Any CPU.ActiveCfg = Release|Any CPU
		{AEDD75E4-338E-4F4D-A504-CEBFC23945FC}.Release|Any CPU.Build.0 = Release|Any CPU
		{1DEF797C-3093-49DA-98D5-0D10F3270409}.Debug|Any CPU.ActiveCfg = Debug|Any CPU
		{1DEF797C-3093-49DA-98D5-0D10F3270409}.Debug|Any CPU.Build.0 = Debug|Any CPU
		{1DEF797C-3093-49DA-98D5-0D10F3270409}.Release|Any CPU.ActiveCfg = Release|Any CPU
		{1DEF797C-3093-49DA-98D5-0D10F3270409}.Release|Any CPU.Build.0 = Release|Any CPU
	EndGlobalSection
	GlobalSection(SolutionProperties) = preSolution
		HideSolutionNode = FALSE
	EndGlobalSection
EndGlobal
